
Microsoft Visual Studio Solution File, Format Version 12.00
# Visual Studio Version 16
VisualStudioVersion = 16.0.30804.86
MinimumVisualStudioVersion = 10.0.40219.1
Project("{FAE04EC0-301F-11D3-BF4B-00C04F79EFBC}") = "SampleSorter", "SampleSorter\SampleSorter.csproj", "{0AC04773-C4B1-48AD-83D2-ED4EF2EE5B44}"
EndProject
Global
	GlobalSection(SolutionConfigurationPlatforms) = preSolution
		Debug|Any CPU = Debug|Any CPU
		Release|Any CPU = Release|Any CPU
	EndGlobalSection
	GlobalSection(ProjectConfigurationPlatforms) = postSolution
		{0AC04773-C4B1-48AD-83D2-ED4EF2EE5B44}.Debug|Any CPU.ActiveCfg = Debug|Any CPU
		{0AC04773-C4B1-48AD-83D2-ED4EF2EE5B44}.Debug|Any CPU.Build.0 = Debug|Any CPU
		{0AC04773-C4B1-48AD-83D2-ED4EF2EE5B44}.Release|Any CPU.ActiveCfg = Release|Any CPU
		{0AC04773-C4B1-48AD-83D2-ED4EF2EE5B44}.Release|Any CPU.Build.0 = Release|Any CPU
	EndGlobalSection
	GlobalSection(SolutionProperties) = preSolution
		HideSolutionNode = FALSE
	EndGlobalSection
	GlobalSection(ExtensibilityGlobals) = postSolution
		SolutionGuid = {FAC68E25-D46A-4181-91BF-1D94834F0BCD}
	EndGlobalSection
EndGlobal
